// !$*UTF8*$!
{
	archiveVersion = 1;
	classes = {
	};
	objectVersion = 51;
	objects = {

/* Begin PBXBuildFile section */
		660BC68B24BB083E00D48294 /* ProductCell.swift in Sources */ = {isa = PBXBuildFile; fileRef = 660BC68A24BB083E00D48294 /* ProductCell.swift */; };
		660BC68D24BB209100D48294 /* ProductDetailVC.swift in Sources */ = {isa = PBXBuildFile; fileRef = 660BC68C24BB209100D48294 /* ProductDetailVC.swift */; };
		660BC68F24BB212500D48294 /* ProductHeader.swift in Sources */ = {isa = PBXBuildFile; fileRef = 660BC68E24BB212500D48294 /* ProductHeader.swift */; };
		6635CCA024B1C7A900606EC1 /* custom.xib in Resources */ = {isa = PBXBuildFile; fileRef = 6635CC9F24B1C7A900606EC1 /* custom.xib */; };
		66C8417324BAE92E00C29E83 /* StoreDetailVC.swift in Sources */ = {isa = PBXBuildFile; fileRef = 66C8417224BAE92E00C29E83 /* StoreDetailVC.swift */; };
		66C8417524BAEC2D00C29E83 /* STCollectionReusableView.swift in Sources */ = {isa = PBXBuildFile; fileRef = 66C8417424BAEC2D00C29E83 /* STCollectionReusableView.swift */; };
		66C8417724BAED9900C29E83 /* CustomFlowLayout.swift in Sources */ = {isa = PBXBuildFile; fileRef = 66C8417624BAED9900C29E83 /* CustomFlowLayout.swift */; };
		66EC47BD24B188F2000140C8 /* AppDelegate.swift in Sources */ = {isa = PBXBuildFile; fileRef = 66EC47BC24B188F2000140C8 /* AppDelegate.swift */; };
		66EC47BF24B188F2000140C8 /* SceneDelegate.swift in Sources */ = {isa = PBXBuildFile; fileRef = 66EC47BE24B188F2000140C8 /* SceneDelegate.swift */; };
		66EC47C124B188F2000140C8 /* ViewController.swift in Sources */ = {isa = PBXBuildFile; fileRef = 66EC47C024B188F2000140C8 /* ViewController.swift */; };
		66EC47C424B188F2000140C8 /* Main.storyboard in Resources */ = {isa = PBXBuildFile; fileRef = 66EC47C224B188F2000140C8 /* Main.storyboard */; };
		66EC47C624B188F9000140C8 /* Assets.xcassets in Resources */ = {isa = PBXBuildFile; fileRef = 66EC47C524B188F9000140C8 /* Assets.xcassets */; };
		66EC47C924B188F9000140C8 /* LaunchScreen.storyboard in Resources */ = {isa = PBXBuildFile; fileRef = 66EC47C724B188F9000140C8 /* LaunchScreen.storyboard */; };
		66EC47D124B1897B000140C8 /* UserRateReviewVC.swift in Sources */ = {isa = PBXBuildFile; fileRef = 66EC47D024B1897B000140C8 /* UserRateReviewVC.swift */; };
		66EF215424B19453000F7F4D /* ViewExtension.swift in Sources */ = {isa = PBXBuildFile; fileRef = 66EF215324B19453000F7F4D /* ViewExtension.swift */; };
		66F109E524B1CB00005251E1 /* StoreViewCell.swift in Sources */ = {isa = PBXBuildFile; fileRef = 66F109E424B1CB00005251E1 /* StoreViewCell.swift */; };
		66F109E824B1DC09005251E1 /* StoreDetailCell.swift in Sources */ = {isa = PBXBuildFile; fileRef = 66F109E624B1DC09005251E1 /* StoreDetailCell.swift */; };
		66F109E924B1DC09005251E1 /* StoreDetailCell.xib in Resources */ = {isa = PBXBuildFile; fileRef = 66F109E724B1DC09005251E1 /* StoreDetailCell.xib */; };
		66FD105F24B1A4F900D8A2E5 /* StoreListVC.swift in Sources */ = {isa = PBXBuildFile; fileRef = 66FD105E24B1A4F900D8A2E5 /* StoreListVC.swift */; };
		66FD106124B1A68B00D8A2E5 /* StoreListCell.swift in Sources */ = {isa = PBXBuildFile; fileRef = 66FD106024B1A68B00D8A2E5 /* StoreListCell.swift */; };
		66FD106324B1B53900D8A2E5 /* ProductHeaderView.swift in Sources */ = {isa = PBXBuildFile; fileRef = 66FD106224B1B53900D8A2E5 /* ProductHeaderView.swift */; };
		66FD106524B1B5DB00D8A2E5 /* ProductHeaderView.xib in Resources */ = {isa = PBXBuildFile; fileRef = 66FD106424B1B5DB00D8A2E5 /* ProductHeaderView.xib */; };
		66FD106824B1B9CF00D8A2E5 /* StoreReviewCell.swift in Sources */ = {isa = PBXBuildFile; fileRef = 66FD106624B1B9CF00D8A2E5 /* StoreReviewCell.swift */; };
		66FD106924B1B9CF00D8A2E5 /* StoreReviewCell.xib in Resources */ = {isa = PBXBuildFile; fileRef = 66FD106724B1B9CF00D8A2E5 /* StoreReviewCell.xib */; };
		66FD106C24B1C56800D8A2E5 /* ProductReviewCell.swift in Sources */ = {isa = PBXBuildFile; fileRef = 66FD106A24B1C56800D8A2E5 /* ProductReviewCell.swift */; };
		66FD106D24B1C56800D8A2E5 /* ProductReviewCell.xib in Resources */ = {isa = PBXBuildFile; fileRef = 66FD106B24B1C56800D8A2E5 /* ProductReviewCell.xib */; };
		723C2B55D1E689C0AAC92E03 /* Pods_CustomerFeedback.framework in Frameworks */ = {isa = PBXBuildFile; fileRef = 608238DD71319442A4BAAE03 /* Pods_CustomerFeedback.framework */; };
/* End PBXBuildFile section */

/* Begin PBXFileReference section */
		3AF2AF0412EF4CA90046F9FD /* Pods-CustomerFeedback.release.xcconfig */ = {isa = PBXFileReference; includeInIndex = 1; lastKnownFileType = text.xcconfig; name = "Pods-CustomerFeedback.release.xcconfig"; path = "Target Support Files/Pods-CustomerFeedback/Pods-CustomerFeedback.release.xcconfig"; sourceTree = "<group>"; };
		5080B3B129EC20DA208376F4 /* Pods-CustomerFeedback.debug.xcconfig */ = {isa = PBXFileReference; includeInIndex = 1; lastKnownFileType = text.xcconfig; name = "Pods-CustomerFeedback.debug.xcconfig"; path = "Target Support Files/Pods-CustomerFeedback/Pods-CustomerFeedback.debug.xcconfig"; sourceTree = "<group>"; };
		608238DD71319442A4BAAE03 /* Pods_CustomerFeedback.framework */ = {isa = PBXFileReference; explicitFileType = wrapper.framework; includeInIndex = 0; path = Pods_CustomerFeedback.framework; sourceTree = BUILT_PRODUCTS_DIR; };
		660BC68A24BB083E00D48294 /* ProductCell.swift */ = {isa = PBXFileReference; lastKnownFileType = sourcecode.swift; path = ProductCell.swift; sourceTree = "<group>"; };
		660BC68C24BB209100D48294 /* ProductDetailVC.swift */ = {isa = PBXFileReference; lastKnownFileType = sourcecode.swift; path = ProductDetailVC.swift; sourceTree = "<group>"; };
		660BC68E24BB212500D48294 /* ProductHeader.swift */ = {isa = PBXFileReference; lastKnownFileType = sourcecode.swift; path = ProductHeader.swift; sourceTree = "<group>"; };
		6635CC9F24B1C7A900606EC1 /* custom.xib */ = {isa = PBXFileReference; lastKnownFileType = file.xib; path = custom.xib; sourceTree = "<group>"; };
		66C8417224BAE92E00C29E83 /* StoreDetailVC.swift */ = {isa = PBXFileReference; lastKnownFileType = sourcecode.swift; path = StoreDetailVC.swift; sourceTree = "<group>"; };
		66C8417424BAEC2D00C29E83 /* STCollectionReusableView.swift */ = {isa = PBXFileReference; lastKnownFileType = sourcecode.swift; path = STCollectionReusableView.swift; sourceTree = "<group>"; };
		66C8417624BAED9900C29E83 /* CustomFlowLayout.swift */ = {isa = PBXFileReference; lastKnownFileType = sourcecode.swift; path = CustomFlowLayout.swift; sourceTree = "<group>"; };
		66EC47B924B188F2000140C8 /* CustomerFeedback.app */ = {isa = PBXFileReference; explicitFileType = wrapper.application; includeInIndex = 0; path = CustomerFeedback.app; sourceTree = BUILT_PRODUCTS_DIR; };
		66EC47BC24B188F2000140C8 /* AppDelegate.swift */ = {isa = PBXFileReference; lastKnownFileType = sourcecode.swift; path = AppDelegate.swift; sourceTree = "<group>"; };
		66EC47BE24B188F2000140C8 /* SceneDelegate.swift */ = {isa = PBXFileReference; lastKnownFileType = sourcecode.swift; path = SceneDelegate.swift; sourceTree = "<group>"; };
		66EC47C024B188F2000140C8 /* ViewController.swift */ = {isa = PBXFileReference; lastKnownFileType = sourcecode.swift; path = ViewController.swift; sourceTree = "<group>"; };
		66EC47C324B188F2000140C8 /* Base */ = {isa = PBXFileReference; lastKnownFileType = file.storyboard; name = Base; path = Base.lproj/Main.storyboard; sourceTree = "<group>"; };
		66EC47C524B188F9000140C8 /* Assets.xcassets */ = {isa = PBXFileReference; lastKnownFileType = folder.assetcatalog; path = Assets.xcassets; sourceTree = "<group>"; };
		66EC47C824B188F9000140C8 /* Base */ = {isa = PBXFileReference; lastKnownFileType = file.storyboard; name = Base; path = Base.lproj/LaunchScreen.storyboard; sourceTree = "<group>"; };
		66EC47CA24B188F9000140C8 /* Info.plist */ = {isa = PBXFileReference; lastKnownFileType = text.plist.xml; path = Info.plist; sourceTree = "<group>"; };
		66EC47D024B1897B000140C8 /* UserRateReviewVC.swift */ = {isa = PBXFileReference; lastKnownFileType = sourcecode.swift; path = UserRateReviewVC.swift; sourceTree = "<group>"; };
		66EF215324B19453000F7F4D /* ViewExtension.swift */ = {isa = PBXFileReference; lastKnownFileType = sourcecode.swift; path = ViewExtension.swift; sourceTree = "<group>"; };
		66EF215624B1997A000F7F4D /* en */ = {isa = PBXFileReference; lastKnownFileType = text.plist.strings; name = en; path = en.lproj/Main.strings; sourceTree = "<group>"; };
		66F109E424B1CB00005251E1 /* StoreViewCell.swift */ = {isa = PBXFileReference; lastKnownFileType = sourcecode.swift; path = StoreViewCell.swift; sourceTree = "<group>"; };
		66F109E624B1DC09005251E1 /* StoreDetailCell.swift */ = {isa = PBXFileReference; lastKnownFileType = sourcecode.swift; path = StoreDetailCell.swift; sourceTree = "<group>"; };
		66F109E724B1DC09005251E1 /* StoreDetailCell.xib */ = {isa = PBXFileReference; lastKnownFileType = file.xib; path = StoreDetailCell.xib; sourceTree = "<group>"; };
		66FD105E24B1A4F900D8A2E5 /* StoreListVC.swift */ = {isa = PBXFileReference; lastKnownFileType = sourcecode.swift; path = StoreListVC.swift; sourceTree = "<group>"; };
		66FD106024B1A68B00D8A2E5 /* StoreListCell.swift */ = {isa = PBXFileReference; lastKnownFileType = sourcecode.swift; path = StoreListCell.swift; sourceTree = "<group>"; };
		66FD106224B1B53900D8A2E5 /* ProductHeaderView.swift */ = {isa = PBXFileReference; lastKnownFileType = sourcecode.swift; path = ProductHeaderView.swift; sourceTree = "<group>"; };
		66FD106424B1B5DB00D8A2E5 /* ProductHeaderView.xib */ = {isa = PBXFileReference; lastKnownFileType = file.xib; path = ProductHeaderView.xib; sourceTree = "<group>"; };
		66FD106624B1B9CF00D8A2E5 /* StoreReviewCell.swift */ = {isa = PBXFileReference; lastKnownFileType = sourcecode.swift; path = StoreReviewCell.swift; sourceTree = "<group>"; };
		66FD106724B1B9CF00D8A2E5 /* StoreReviewCell.xib */ = {isa = PBXFileReference; lastKnownFileType = file.xib; path = StoreReviewCell.xib; sourceTree = "<group>"; };
		66FD106A24B1C56800D8A2E5 /* ProductReviewCell.swift */ = {isa = PBXFileReference; lastKnownFileType = sourcecode.swift; path = ProductReviewCell.swift; sourceTree = "<group>"; };
		66FD106B24B1C56800D8A2E5 /* ProductReviewCell.xib */ = {isa = PBXFileReference; lastKnownFileType = file.xib; path = ProductReviewCell.xib; sourceTree = "<group>"; };
/* End PBXFileReference section */

/* Begin PBXFrameworksBuildPhase section */
		66EC47B624B188F2000140C8 /* Frameworks */ = {
			isa = PBXFrameworksBuildPhase;
			buildActionMask = 2147483647;
			files = (
				723C2B55D1E689C0AAC92E03 /* Pods_CustomerFeedback.framework in Frameworks */,
			);
			runOnlyForDeploymentPostprocessing = 0;
		};
/* End PBXFrameworksBuildPhase section */

/* Begin PBXGroup section */
		66EC47B024B188F2000140C8 = {
			isa = PBXGroup;
			children = (
				66EC47BB24B188F2000140C8 /* CustomerFeedback */,
				66EC47BA24B188F2000140C8 /* Products */,
				7A6D397E009716E4A678FB78 /* Pods */,
				A958B1DF5034720EAE1D3926 /* Frameworks */,
			);
			sourceTree = "<group>";
		};
		66EC47BA24B188F2000140C8 /* Products */ = {
			isa = PBXGroup;
			children = (
				66EC47B924B188F2000140C8 /* CustomerFeedback.app */,
			);
			name = Products;
			sourceTree = "<group>";
		};
		66EC47BB24B188F2000140C8 /* CustomerFeedback */ = {
			isa = PBXGroup;
			children = (
				66EC47BC24B188F2000140C8 /* AppDelegate.swift */,
				66EC47BE24B188F2000140C8 /* SceneDelegate.swift */,
				66EC47C024B188F2000140C8 /* ViewController.swift */,
				66EC47C224B188F2000140C8 /* Main.storyboard */,
				66EC47C524B188F9000140C8 /* Assets.xcassets */,
				66EC47C724B188F9000140C8 /* LaunchScreen.storyboard */,
				66EC47CA24B188F9000140C8 /* Info.plist */,
				66EC47D024B1897B000140C8 /* UserRateReviewVC.swift */,
				66EF215324B19453000F7F4D /* ViewExtension.swift */,
				66FD105E24B1A4F900D8A2E5 /* StoreListVC.swift */,
				66FD106024B1A68B00D8A2E5 /* StoreListCell.swift */,
				66FD106224B1B53900D8A2E5 /* ProductHeaderView.swift */,
				66FD106424B1B5DB00D8A2E5 /* ProductHeaderView.xib */,
				66FD106624B1B9CF00D8A2E5 /* StoreReviewCell.swift */,
				66FD106724B1B9CF00D8A2E5 /* StoreReviewCell.xib */,
				66FD106A24B1C56800D8A2E5 /* ProductReviewCell.swift */,
				66FD106B24B1C56800D8A2E5 /* ProductReviewCell.xib */,
				6635CC9F24B1C7A900606EC1 /* custom.xib */,
				66F109E424B1CB00005251E1 /* StoreViewCell.swift */,
				66F109E624B1DC09005251E1 /* StoreDetailCell.swift */,
				66F109E724B1DC09005251E1 /* StoreDetailCell.xib */,
				66C8417224BAE92E00C29E83 /* StoreDetailVC.swift */,
				66C8417424BAEC2D00C29E83 /* STCollectionReusableView.swift */,
				66C8417624BAED9900C29E83 /* CustomFlowLayout.swift */,
				660BC68A24BB083E00D48294 /* ProductCell.swift */,
				660BC68C24BB209100D48294 /* ProductDetailVC.swift */,
				660BC68E24BB212500D48294 /* ProductHeader.swift */,
			);
			path = CustomerFeedback;
			sourceTree = "<group>";
		};
		7A6D397E009716E4A678FB78 /* Pods */ = {
			isa = PBXGroup;
			children = (
				5080B3B129EC20DA208376F4 /* Pods-CustomerFeedback.debug.xcconfig */,
				3AF2AF0412EF4CA90046F9FD /* Pods-CustomerFeedback.release.xcconfig */,
			);
			path = Pods;
			sourceTree = "<group>";
		};
		A958B1DF5034720EAE1D3926 /* Frameworks */ = {
			isa = PBXGroup;
			children = (
				608238DD71319442A4BAAE03 /* Pods_CustomerFeedback.framework */,
			);
			name = Frameworks;
			sourceTree = "<group>";
		};
/* End PBXGroup section */

/* Begin PBXNativeTarget section */
		66EC47B824B188F2000140C8 /* CustomerFeedback */ = {
			isa = PBXNativeTarget;
			buildConfigurationList = 66EC47CD24B188F9000140C8 /* Build configuration list for PBXNativeTarget "CustomerFeedback" */;
			buildPhases = (
				7CE92E6D3E01463D4A6FFD7A /* [CP] Check Pods Manifest.lock */,
				66EC47B524B188F2000140C8 /* Sources */,
				66EC47B624B188F2000140C8 /* Frameworks */,
				66EC47B724B188F2000140C8 /* Resources */,
				AE9357AC6E44D55E73019922 /* [CP] Embed Pods Frameworks */,
			);
			buildRules = (
			);
			dependencies = (
			);
			name = CustomerFeedback;
			productName = CustomerFeedback;
			productReference = 66EC47B924B188F2000140C8 /* CustomerFeedback.app */;
			productType = "com.apple.product-type.application";
		};
/* End PBXNativeTarget section */

/* Begin PBXProject section */
		66EC47B124B188F2000140C8 /* Project object */ = {
			isa = PBXProject;
			attributes = {
				LastSwiftUpdateCheck = 1100;
				LastUpgradeCheck = 1100;
				ORGANIZATIONNAME = "Solution Analysts";
				TargetAttributes = {
					66EC47B824B188F2000140C8 = {
						CreatedOnToolsVersion = 11.0;
					};
				};
			};
			buildConfigurationList = 66EC47B424B188F2000140C8 /* Build configuration list for PBXProject "CustomerFeedback" */;
			compatibilityVersion = "Xcode 9.3";
			developmentRegion = en;
			hasScannedForEncodings = 0;
			knownRegions = (
				en,
				Base,
			);
			mainGroup = 66EC47B024B188F2000140C8;
			productRefGroup = 66EC47BA24B188F2000140C8 /* Products */;
			projectDirPath = "";
			projectRoot = "";
			targets = (
				66EC47B824B188F2000140C8 /* CustomerFeedback */,
			);
		};
/* End PBXProject section */

/* Begin PBXResourcesBuildPhase section */
		66EC47B724B188F2000140C8 /* Resources */ = {
			isa = PBXResourcesBuildPhase;
			buildActionMask = 2147483647;
			files = (
				66EC47C924B188F9000140C8 /* LaunchScreen.storyboard in Resources */,
				6635CCA024B1C7A900606EC1 /* custom.xib in Resources */,
				66EC47C624B188F9000140C8 /* Assets.xcassets in Resources */,
				66EC47C424B188F2000140C8 /* Main.storyboard in Resources */,
				66F109E924B1DC09005251E1 /* StoreDetailCell.xib in Resources */,
				66FD106D24B1C56800D8A2E5 /* ProductReviewCell.xib in Resources */,
				66FD106524B1B5DB00D8A2E5 /* ProductHeaderView.xib in Resources */,
				66FD106924B1B9CF00D8A2E5 /* StoreReviewCell.xib in Resources */,
			);
			runOnlyForDeploymentPostprocessing = 0;
		};
/* End PBXResourcesBuildPhase section */

/* Begin PBXShellScriptBuildPhase section */
		7CE92E6D3E01463D4A6FFD7A /* [CP] Check Pods Manifest.lock */ = {
			isa = PBXShellScriptBuildPhase;
			buildActionMask = 2147483647;
			files = (
			);
			inputFileListPaths = (
			);
			inputPaths = (
				"${PODS_PODFILE_DIR_PATH}/Podfile.lock",
				"${PODS_ROOT}/Manifest.lock",
			);
			name = "[CP] Check Pods Manifest.lock";
			outputFileListPaths = (
			);
			outputPaths = (
				"$(DERIVED_FILE_DIR)/Pods-CustomerFeedback-checkManifestLockResult.txt",
			);
			runOnlyForDeploymentPostprocessing = 0;
			shellPath = /bin/sh;
			shellScript = "diff \"${PODS_PODFILE_DIR_PATH}/Podfile.lock\" \"${PODS_ROOT}/Manifest.lock\" > /dev/null\nif [ $? != 0 ] ; then\n    # print error to STDERR\n    echo \"error: The sandbox is not in sync with the Podfile.lock. Run 'pod install' or update your CocoaPods installation.\" >&2\n    exit 1\nfi\n# This output is used by Xcode 'outputs' to avoid re-running this script phase.\necho \"SUCCESS\" > \"${SCRIPT_OUTPUT_FILE_0}\"\n";
			showEnvVarsInLog = 0;
		};
		AE9357AC6E44D55E73019922 /* [CP] Embed Pods Frameworks */ = {
			isa = PBXShellScriptBuildPhase;
			buildActionMask = 2147483647;
			files = (
			);
			inputFileListPaths = (
				"${PODS_ROOT}/Target Support Files/Pods-CustomerFeedback/Pods-CustomerFeedback-frameworks-${CONFIGURATION}-input-files.xcfilelist",
			);
			name = "[CP] Embed Pods Frameworks";
			outputFileListPaths = (
				"${PODS_ROOT}/Target Support Files/Pods-CustomerFeedback/Pods-CustomerFeedback-frameworks-${CONFIGURATION}-output-files.xcfilelist",
			);
			runOnlyForDeploymentPostprocessing = 0;
			shellPath = /bin/sh;
			shellScript = "\"${PODS_ROOT}/Target Support Files/Pods-CustomerFeedback/Pods-CustomerFeedback-frameworks.sh\"\n";
			showEnvVarsInLog = 0;
		};
/* End PBXShellScriptBuildPhase section */

/* Begin PBXSourcesBuildPhase section */
		66EC47B524B188F2000140C8 /* Sources */ = {
			isa = PBXSourcesBuildPhase;
			buildActionMask = 2147483647;
			files = (
				66F109E824B1DC09005251E1 /* StoreDetailCell.swift in Sources */,
				66FD105F24B1A4F900D8A2E5 /* StoreListVC.swift in Sources */,
				66FD106824B1B9CF00D8A2E5 /* StoreReviewCell.swift in Sources */,
				66EC47C124B188F2000140C8 /* ViewController.swift in Sources */,
				66C8417524BAEC2D00C29E83 /* STCollectionReusableView.swift in Sources */,
				66EC47BD24B188F2000140C8 /* AppDelegate.swift in Sources */,
				660BC68F24BB212500D48294 /* ProductHeader.swift in Sources */,
				66C8417324BAE92E00C29E83 /* StoreDetailVC.swift in Sources */,
				66EC47BF24B188F2000140C8 /* SceneDelegate.swift in Sources */,
				660BC68D24BB209100D48294 /* ProductDetailVC.swift in Sources */,
				66EC47D124B1897B000140C8 /* UserRateReviewVC.swift in Sources */,
				66EF215424B19453000F7F4D /* ViewExtension.swift in Sources */,
				66F109E524B1CB00005251E1 /* StoreViewCell.swift in Sources */,
				66FD106124B1A68B00D8A2E5 /* StoreListCell.swift in Sources */,
				66FD106324B1B53900D8A2E5 /* ProductHeaderView.swift in Sources */,
				660BC68B24BB083E00D48294 /* ProductCell.swift in Sources */,
				66C8417724BAED9900C29E83 /* CustomFlowLayout.swift in Sources */,
				66FD106C24B1C56800D8A2E5 /* ProductReviewCell.swift in Sources */,
			);
			runOnlyForDeploymentPostprocessing = 0;
		};
/* End PBXSourcesBuildPhase section */

/* Begin PBXVariantGroup section */
		66EC47C224B188F2000140C8 /* Main.storyboard */ = {
			isa = PBXVariantGroup;
			children = (
				66EC47C324B188F2000140C8 /* Base */,
				66EF215624B1997A000F7F4D /* en */,
			);
			name = Main.storyboard;
			sourceTree = "<group>";
		};
		66EC47C724B188F9000140C8 /* LaunchScreen.storyboard */ = {
			isa = PBXVariantGroup;
			children = (
				66EC47C824B188F9000140C8 /* Base */,
			);
			name = LaunchScreen.storyboard;
			sourceTree = "<group>";
		};
/* End PBXVariantGroup section */

/* Begin XCBuildConfiguration section */
		66EC47CB24B188F9000140C8 /* Debug */ = {
			isa = XCBuildConfiguration;
			buildSettings = {
				ALWAYS_SEARCH_USER_PATHS = NO;
				CLANG_ANALYZER_NONNULL = YES;
				CLANG_ANALYZER_NUMBER_OBJECT_CONVERSION = YES_AGGRESSIVE;
				CLANG_CXX_LANGUAGE_STANDARD = "gnu++14";
				CLANG_CXX_LIBRARY = "libc++";
				CLANG_ENABLE_MODULES = YES;
				CLANG_ENABLE_OBJC_ARC = YES;
				CLANG_ENABLE_OBJC_WEAK = YES;
				CLANG_WARN_BLOCK_CAPTURE_AUTORELEASING = YES;
				CLANG_WARN_BOOL_CONVERSION = YES;
				CLANG_WARN_COMMA = YES;
				CLANG_WARN_CONSTANT_CONVERSION = YES;
				CLANG_WARN_DEPRECATED_OBJC_IMPLEMENTATIONS = YES;
				CLANG_WARN_DIRECT_OBJC_ISA_USAGE = YES_ERROR;
				CLANG_WARN_DOCUMENTATION_COMMENTS = YES;
				CLANG_WARN_EMPTY_BODY = YES;
				CLANG_WARN_ENUM_CONVERSION = YES;
				CLANG_WARN_INFINITE_RECURSION = YES;
				CLANG_WARN_INT_CONVERSION = YES;
				CLANG_WARN_NON_LITERAL_NULL_CONVERSION = YES;
				CLANG_WARN_OBJC_IMPLICIT_RETAIN_SELF = YES;
				CLANG_WARN_OBJC_LITERAL_CONVERSION = YES;
				CLANG_WARN_OBJC_ROOT_CLASS = YES_ERROR;
				CLANG_WARN_RANGE_LOOP_ANALYSIS = YES;
				CLANG_WARN_STRICT_PROTOTYPES = YES;
				CLANG_WARN_SUSPICIOUS_MOVE = YES;
				CLANG_WARN_UNGUARDED_AVAILABILITY = YES_AGGRESSIVE;
				CLANG_WARN_UNREACHABLE_CODE = YES;
				CLANG_WARN__DUPLICATE_METHOD_MATCH = YES;
				COPY_PHASE_STRIP = NO;
				DEBUG_INFORMATION_FORMAT = dwarf;
				ENABLE_STRICT_OBJC_MSGSEND = YES;
				ENABLE_TESTABILITY = YES;
				GCC_C_LANGUAGE_STANDARD = gnu11;
				GCC_DYNAMIC_NO_PIC = NO;
				GCC_NO_COMMON_BLOCKS = YES;
				GCC_OPTIMIZATION_LEVEL = 0;
				GCC_PREPROCESSOR_DEFINITIONS = (
					"DEBUG=1",
					"$(inherited)",
				);
				GCC_WARN_64_TO_32_BIT_CONVERSION = YES;
				GCC_WARN_ABOUT_RETURN_TYPE = YES_ERROR;
				GCC_WARN_UNDECLARED_SELECTOR = YES;
				GCC_WARN_UNINITIALIZED_AUTOS = YES_AGGRESSIVE;
				GCC_WARN_UNUSED_FUNCTION = YES;
				GCC_WARN_UNUSED_VARIABLE = YES;
				IPHONEOS_DEPLOYMENT_TARGET = 13.0;
				MTL_ENABLE_DEBUG_INFO = INCLUDE_SOURCE;
				MTL_FAST_MATH = YES;
				ONLY_ACTIVE_ARCH = YES;
				SDKROOT = iphoneos;
				SWIFT_ACTIVE_COMPILATION_CONDITIONS = DEBUG;
				SWIFT_OPTIMIZATION_LEVEL = "-Onone";
			};
			name = Debug;
		};
		66EC47CC24B188F9000140C8 /* Release */ = {
			isa = XCBuildConfiguration;
			buildSettings = {
				ALWAYS_SEARCH_USER_PATHS = NO;
				CLANG_ANALYZER_NONNULL = YES;
				CLANG_ANALYZER_NUMBER_OBJECT_CONVERSION = YES_AGGRESSIVE;
				CLANG_CXX_LANGUAGE_STANDARD = "gnu++14";
				CLANG_CXX_LIBRARY = "libc++";
				CLANG_ENABLE_MODULES = YES;
				CLANG_ENABLE_OBJC_ARC = YES;
				CLANG_ENABLE_OBJC_WEAK = YES;
				CLANG_WARN_BLOCK_CAPTURE_AUTORELEASING = YES;
				CLANG_WARN_BOOL_CONVERSION = YES;
				CLANG_WARN_COMMA = YES;
				CLANG_WARN_CONSTANT_CONVERSION = YES;
				CLANG_WARN_DEPRECATED_OBJC_IMPLEMENTATIONS = YES;
				CLANG_WARN_DIRECT_OBJC_ISA_USAGE = YES_ERROR;
				CLANG_WARN_DOCUMENTATION_COMMENTS = YES;
				CLANG_WARN_EMPTY_BODY = YES;
				CLANG_WARN_ENUM_CONVERSION = YES;
				CLANG_WARN_INFINITE_RECURSION = YES;
				CLANG_WARN_INT_CONVERSION = YES;
				CLANG_WARN_NON_LITERAL_NULL_CONVERSION = YES;
				CLANG_WARN_OBJC_IMPLICIT_RETAIN_SELF = YES;
				CLANG_WARN_OBJC_LITERAL_CONVERSION = YES;
				CLANG_WARN_OBJC_ROOT_CLASS = YES_ERROR;
				CLANG_WARN_RANGE_LOOP_ANALYSIS = YES;
				CLANG_WARN_STRICT_PROTOTYPES = YES;
				CLANG_WARN_SUSPICIOUS_MOVE = YES;
				CLANG_WARN_UNGUARDED_AVAILABILITY = YES_AGGRESSIVE;
				CLANG_WARN_UNREACHABLE_CODE = YES;
				CLANG_WARN__DUPLICATE_METHOD_MATCH = YES;
				COPY_PHASE_STRIP = NO;
				DEBUG_INFORMATION_FORMAT = "dwarf-with-dsym";
				ENABLE_NS_ASSERTIONS = NO;
				ENABLE_STRICT_OBJC_MSGSEND = YES;
				GCC_C_LANGUAGE_STANDARD = gnu11;
				GCC_NO_COMMON_BLOCKS = YES;
				GCC_WARN_64_TO_32_BIT_CONVERSION = YES;
				GCC_WARN_ABOUT_RETURN_TYPE = YES_ERROR;
				GCC_WARN_UNDECLARED_SELECTOR = YES;
				GCC_WARN_UNINITIALIZED_AUTOS = YES_AGGRESSIVE;
				GCC_WARN_UNUSED_FUNCTION = YES;
				GCC_WARN_UNUSED_VARIABLE = YES;
				IPHONEOS_DEPLOYMENT_TARGET = 13.0;
				MTL_ENABLE_DEBUG_INFO = NO;
				MTL_FAST_MATH = YES;
				SDKROOT = iphoneos;
				SWIFT_COMPILATION_MODE = wholemodule;
				SWIFT_OPTIMIZATION_LEVEL = "-O";
				VALIDATE_PRODUCT = YES;
			};
			name = Release;
		};
		66EC47CE24B188F9000140C8 /* Debug */ = {
			isa = XCBuildConfiguration;
			baseConfigurationReference = 5080B3B129EC20DA208376F4 /* Pods-CustomerFeedback.debug.xcconfig */;
			buildSettings = {
				ASSETCATALOG_COMPILER_APPICON_NAME = AppIcon;
				CODE_SIGN_STYLE = Automatic;
				INFOPLIST_FILE = CustomerFeedback/Info.plist;
				LD_RUNPATH_SEARCH_PATHS = (
					"$(inherited)",
					"@executable_path/Frameworks",
				);
				PRODUCT_BUNDLE_IDENTIFIER = com.solutionanalysts.iXopp.CustomerFeedback;
				PRODUCT_NAME = "$(TARGET_NAME)";
				SWIFT_VERSION = 5.0;
				TARGETED_DEVICE_FAMILY = "1,2";
			};
			name = Debug;
		};
		66EC47CF24B188F9000140C8 /* Release */ = {
			isa = XCBuildConfiguration;
			baseConfigurationReference = 3AF2AF0412EF4CA90046F9FD /* Pods-CustomerFeedback.release.xcconfig */;
			buildSettings = {
				ASSETCATALOG_COMPILER_APPICON_NAME = AppIcon;
				CODE_SIGN_STYLE = Automatic;
				INFOPLIST_FILE = CustomerFeedback/Info.plist;
				LD_RUNPATH_SEARCH_PATHS = (
					"$(inherited)",
					"@executable_path/Frameworks",
				);
				PRODUCT_BUNDLE_IDENTIFIER = com.solutionanalysts.iXopp.CustomerFeedback;
				PRODUCT_NAME = "$(TARGET_NAME)";
				SWIFT_VERSION = 5.0;
				TARGETED_DEVICE_FAMILY = "1,2";
			};
			name = Release;
		};
/* End XCBuildConfiguration section */

/* Begin XCConfigurationList section */
		66EC47B424B188F2000140C8 /* Build configuration list for PBXProject "CustomerFeedback" */ = {
			isa = XCConfigurationList;
			buildConfigurations = (
				66EC47CB24B188F9000140C8 /* Debug */,
				66EC47CC24B188F9000140C8 /* Release */,
			);
			defaultConfigurationIsVisible = 0;
			defaultConfigurationName = Release;
		};
		66EC47CD24B188F9000140C8 /* Build configuration list for PBXNativeTarget "CustomerFeedback" */ = {
			isa = XCConfigurationList;
			buildConfigurations = (
				66EC47CE24B188F9000140C8 /* Debug */,
				66EC47CF24B188F9000140C8 /* Release */,
			);
			defaultConfigurationIsVisible = 0;
			defaultConfigurationName = Release;
		};
/* End XCConfigurationList section */
	};
	rootObject = 66EC47B124B188F2000140C8 /* Project object */;
}
